
Microsoft Visual Studio Solution File, Format Version 12.00
# Visual Studio Version 17
VisualStudioVersion = 17.8.34322.80
MinimumVisualStudioVersion = 10.0.40219.1
Project("{FAE04EC0-301F-11D3-BF4B-00C04F79EFBC}") = "BoardGameStore.WebAPI", "BoardGameStore.WebAPI\BoardGameStore.WebAPI.csproj", "{59068147-1C05-465F-871F-697DEBA8FD6C}"
EndProject
Project("{FAE04EC0-301F-11D3-BF4B-00C04F79EFBC}") = "BoardGameStore.Data", "BoardGameStore.Data\BoardGameStore.Data.csproj", "{12D253FF-D51A-42C5-9B69-B1A03753E210}"
EndProject
Project("{FAE04EC0-301F-11D3-BF4B-00C04F79EFBC}") = "BoardGameStore.Application", "BoardGameStore.Application\BoardGameStore.Application.csproj", "{1066F67A-2991-47DC-9EA0-4D1732F27D71}"
EndProject
Global
	GlobalSection(SolutionConfigurationPlatforms) = preSolution
		Debug|Any CPU = Debug|Any CPU
		Release|Any CPU = Release|Any CPU
	EndGlobalSection
	GlobalSection(ProjectConfigurationPlatforms) = postSolution
		{59068147-1C05-465F-871F-697DEBA8FD6C}.Debug|Any CPU.ActiveCfg = Debug|Any CPU
		{59068147-1C05-465F-871F-697DEBA8FD6C}.Debug|Any CPU.Build.0 = Debug|Any CPU
		{59068147-1C05-465F-871F-697DEBA8FD6C}.Release|Any CPU.ActiveCfg = Release|Any CPU
		{59068147-1C05-465F-871F-697DEBA8FD6C}.Release|Any CPU.Build.0 = Release|Any CPU
		{12D253FF-D51A-42C5-9B69-B1A03753E210}.Debug|Any CPU.ActiveCfg = Debug|Any CPU
		{12D253FF-D51A-42C5-9B69-B1A03753E210}.Debug|Any CPU.Build.0 = Debug|Any CPU
		{12D253FF-D51A-42C5-9B69-B1A03753E210}.Release|Any CPU.ActiveCfg = Release|Any CPU
		{12D253FF-D51A-42C5-9B69-B1A03753E210}.Release|Any CPU.Build.0 = Release|Any CPU
		{1066F67A-2991-47DC-9EA0-4D1732F27D71}.Debug|Any CPU.ActiveCfg = Debug|Any CPU
		{1066F67A-2991-47DC-9EA0-4D1732F27D71}.Debug|Any CPU.Build.0 = Debug|Any CPU
		{1066F67A-2991-47DC-9EA0-4D1732F27D71}.Release|Any CPU.ActiveCfg = Release|Any CPU
		{1066F67A-2991-47DC-9EA0-4D1732F27D71}.Release|Any CPU.Build.0 = Release|Any CPU
	EndGlobalSection
	GlobalSection(SolutionProperties) = preSolution
		HideSolutionNode = FALSE
	EndGlobalSection
	GlobalSection(ExtensibilityGlobals) = postSolution
		SolutionGuid = {A15C656A-7839-46A3-AB56-502B55DDBAD6}
	EndGlobalSection
EndGlobal
